{
  "requires": true,
  "lockfileVersion": 1,
  "dependencies": {
    "imperial-metric": {
      "version": "1.2.1",
      "resolved": "https://registry.npmjs.org/imperial-metric/-/imperial-metric-1.2.1.tgz",
      "integrity": "sha1-mHVnreViVQgp+72DBGk5XxPxJU8="
    },
    "readline-sync": {
      "version": "1.4.10",
      "resolved": "https://registry.npmjs.org/readline-sync/-/readline-sync-1.4.10.tgz",
      "integrity": "sha512-gNva8/6UAe8QYepIQH/jQ2qn91Qj0B9sYjMBBs3QOB8F2CXcKgLxQaJRP76sWVRQt+QU+8fAkCbCvjjMFu7Ycw=="
    }
  }
}
